# This file is automatically @generated by Poetry 2.5.1 and should not be changed by hand.

[[package]]
name = "pymysql"
version = "1.2.3"
description = "Pure Python MySQL Driver"
optional = false
python-versions = ">=3.9"
groups = ["main"]
files = [
    {file = "pymysql-1.2.3-py3-none-any.whl", hash = "sha256:14f1c68e2ed859243ae5ca41ffbe677027fc46bc136a9f0be8a4e928e5e7415a"},
    {file = "pymysql-1.2.3.tar.gz", hash = "sha256:d5b288529782e536ae171866df3ca9dc4f6cbfb3cc2f18e6f837fbb90dbc262b"},
]

[package.extras]
ed25519 = ["PyNaCl (>=1.6.2)"]
rsa = ["cryptography (>=46.0.7)"]

[metadata]
lock-version = "2.1"
python-versions = ">=3.14"
content-hash = "fa9979fa11d45bfa46d31d4fc4bd46dec3d9b2aafe32d850b3bcbf4b8232e68f"
